
Microsoft Visual Studio Solution File, Format Version 12.00
# Visual Studio Version 17
VisualStudioVersion = 17.4.33205.214
MinimumVisualStudioVersion = 10.0.40219.1
Project("{FAE04EC0-301F-11D3-BF4B-00C04F79EFBC}") = "NunitTestLab1", "NunitTestLab1\NunitTestLab1.csproj", "{65C150CA-1B21-483B-9601-4170459D645D}"
EndProject
Project("{FAE04EC0-301F-11D3-BF4B-00C04F79EFBC}") = "testdata", "testdata\testdata.csproj", "{235D23ED-B8D0-4F71-96F6-E718035CEA7F}"
EndProject
Global
	GlobalSection(SolutionConfigurationPlatforms) = preSolution
		Debug|Any CPU = Debug|Any CPU
		Release|Any CPU = Release|Any CPU
	EndGlobalSection
	GlobalSection(ProjectConfigurationPlatforms) = postSolution
		{65C150CA-1B21-483B-9601-4170459D645D}.Debug|Any CPU.ActiveCfg = Debug|Any CPU
		{65C150CA-1B21-483B-9601-4170459D645D}.Debug|Any CPU.Build.0 = Debug|Any CPU
		{65C150CA-1B21-483B-9601-4170459D645D}.Release|Any CPU.ActiveCfg = Release|Any CPU
		{65C150CA-1B21-483B-9601-4170459D645D}.Release|Any CPU.Build.0 = Release|Any CPU
		{235D23ED-B8D0-4F71-96F6-E718035CEA7F}.Debug|Any CPU.ActiveCfg = Debug|Any CPU
		{235D23ED-B8D0-4F71-96F6-E718035CEA7F}.Debug|Any CPU.Build.0 = Debug|Any CPU
		{235D23ED-B8D0-4F71-96F6-E718035CEA7F}.Release|Any CPU.ActiveCfg = Release|Any CPU
		{235D23ED-B8D0-4F71-96F6-E718035CEA7F}.Release|Any CPU.Build.0 = Release|Any CPU
	EndGlobalSection
	GlobalSection(SolutionProperties) = preSolution
		HideSolutionNode = FALSE
	EndGlobalSection
	GlobalSection(ExtensibilityGlobals) = postSolution
		SolutionGuid = {28457BD8-B99F-4F1C-A084-8F96EC8D058B}
	EndGlobalSection
EndGlobal
